
Microsoft Visual Studio Solution File, Format Version 12.00
# Visual Studio Version 17
VisualStudioVersion = 17.13.35825.156
MinimumVisualStudioVersion = 10.0.40219.1
Project("{FAE04EC0-301F-11D3-BF4B-00C04F79EFBC}") = "Keyboard", "Keyboard\Keyboard.csproj", "{B7CEEDF4-DA92-4B0D-AACA-138FCFFEB543}"
EndProject
Project("{FAE04EC0-301F-11D3-BF4B-00C04F79EFBC}") = "MyTcpConnector", "MyTcpConnector\MyTcpConnector.csproj", "{96482185-F50F-4211-BBA0-CAD5DD490000}"
EndProject
Global
	GlobalSection(SolutionConfigurationPlatforms) = preSolution
		Debug|Any CPU = Debug|Any CPU
		Release|Any CPU = Release|Any CPU
	EndGlobalSection
	GlobalSection(ProjectConfigurationPlatforms) = postSolution
		{B7CEEDF4-DA92-4B0D-AACA-138FCFFEB543}.Debug|Any CPU.ActiveCfg = Debug|Any CPU
		{B7CEEDF4-DA92-4B0D-AACA-138FCFFEB543}.Debug|Any CPU.Build.0 = Debug|Any CPU
		{B7CEEDF4-DA92-4B0D-AACA-138FCFFEB543}.Release|Any CPU.ActiveCfg = Release|Any CPU
		{B7CEEDF4-DA92-4B0D-AACA-138FCFFEB543}.Release|Any CPU.Build.0 = Release|Any CPU
		{96482185-F50F-4211-BBA0-CAD5DD490000}.Debug|Any CPU.ActiveCfg = Debug|Any CPU
		{96482185-F50F-4211-BBA0-CAD5DD490000}.Debug|Any CPU.Build.0 = Debug|Any CPU
		{96482185-F50F-4211-BBA0-CAD5DD490000}.Release|Any CPU.ActiveCfg = Release|Any CPU
		{96482185-F50F-4211-BBA0-CAD5DD490000}.Release|Any CPU.Build.0 = Release|Any CPU
	EndGlobalSection
	GlobalSection(SolutionProperties) = preSolution
		HideSolutionNode = FALSE
	EndGlobalSection
	GlobalSection(ExtensibilityGlobals) = postSolution
		SolutionGuid = {F8165DFE-D951-44C4-B768-26EB1E41F212}
	EndGlobalSection
EndGlobal
